{
  "name": "2018_thehack_marko",
  "version": "1.0.0",
  "lockfileVersion": 1,
  "requires": true,
  "dependencies": {
    "accepts": {
      "version": "1.3.5",
      "resolved": "http://registry.npm.taobao.org/accepts/download/accepts-1.3.5.tgz",
      "integrity": "sha1-63d99gEXI6OxTopywIBcjoZ0a9I=",
      "requires": {
        "mime-types": "~2.1.18",
        "negotiator": "0.6.1"
      }
    },
    "app-module-path": {
      "version": "2.2.0",
      "resolved": "http://registry.npm.taobao.org/app-module-path/download/app-module-path-2.2.0.tgz",
      "integrity": "sha1-ZBqlXft9am8KgUHEucCqULbCTdU="
    },
    "argly": {
      "version": "1.2.0",
      "resolved": "http://registry.npm.taobao.org/argly/download/argly-1.2.0.tgz",
      "integrity": "sha1-KydORVGin/XnGZ0u2XiOtm7TbmA="
    },
    "array-flatten": {
      "version": "1.1.1",
      "resolved": "http://registry.npm.taobao.org/array-flatten/download/array-flatten-1.1.1.tgz",
      "integrity": "sha1-ml9pkFGx5wczKPKgCJaLZOopVdI="
    },
    "assertion-error": {
      "version": "1.1.0",
      "resolved": "http://registry.npm.taobao.org/assertion-error/download/assertion-error-1.1.0.tgz",
      "integrity": "sha1-5gtrDo8wG9l+U3UhW9pAbIURjAs="
    },
    "balanced-match": {
      "version": "1.0.0",
      "resolved": "http://registry.npm.taobao.org/balanced-match/download/balanced-match-1.0.0.tgz",
      "integrity": "sha1-ibTRmasr7kneFk6gK4nORi1xt2c="
    },
    "body-parser": {
      "version": "1.18.3",
      "resolved": "http://registry.npm.taobao.org/body-parser/download/body-parser-1.18.3.tgz",
      "integrity": "sha1-WykhmP/dVTs6DyDe0FkrlWlVyLQ=",
      "requires": {
        "bytes": "3.0.0",
        "content-type": "~1.0.4",
        "debug": "2.6.9",
        "depd": "~1.1.2",
        "http-errors": "~1.6.3",
        "iconv-lite": "0.4.23",
        "on-finished": "~2.3.0",
        "qs": "6.5.2",
        "raw-body": "2.3.3",
        "type-is": "~1.6.16"
      }
    },
    "brace-expansion": {
      "version": "1.1.11",
      "resolved": "http://registry.npm.taobao.org/brace-expansion/download/brace-expansion-1.1.11.tgz",
      "integrity": "sha1-PH/L9SnYcibz0vUrlm/1Jx60Qd0=",
      "requires": {
        "balanced-match": "^1.0.0",
        "concat-map": "0.0.1"
      }
    },
    "browser-refresh-client": {
      "version": "1.1.4",
      "resolved": "http://registry.npm.taobao.org/browser-refresh-client/download/browser-refresh-client-1.1.4.tgz",
      "integrity": "sha1-jl/4R1/h1UHSroH3oa6gWuIaYhc="
    },
    "bytes": {
      "version": "3.0.0",
      "resolved": "http://registry.npm.taobao.org/bytes/download/bytes-3.0.0.tgz",
      "integrity": "sha1-0ygVQE1olpn4Wk6k+odV3ROpYEg="
    },
    "camelcase": {
      "version": "5.2.0",
      "resolved": "http://registry.npm.taobao.org/camelcase/download/camelcase-5.2.0.tgz",
      "integrity": "sha1-51IqvaXtlMwEieG4RmYQ6IQEz0U="
    },
    "chai": {
      "version": "3.5.0",
      "resolved": "http://registry.npm.taobao.org/chai/download/chai-3.5.0.tgz",
      "integrity": "sha1-TQJjewZ/6Vi9v906QOxW/vc3Mkc=",
      "requires": {
        "assertion-error": "^1.0.1",
        "deep-eql": "^0.1.3",
        "type-detect": "^1.0.0"
      }
    },
    "char-props": {
      "version": "0.1.5",
      "resolved": "http://registry.npm.taobao.org/char-props/download/char-props-0.1.5.tgz",
      "integrity": "sha1-W5UvniDqIc0Iyn/hNaEPb+kcEJ4="
    },
    "complain": {
      "version": "1.3.0",
      "resolved": "http://registry.npm.taobao.org/complain/download/complain-1.3.0.tgz",
      "integrity": "sha1-oYLVADSJEmwDi7+YuQaGasv6d7I=",
      "requires": {
        "error-stack-parser": "^2.0.1"
      }
    },
    "concat-map": {
      "version": "0.0.1",
      "resolved": "http://registry.npm.taobao.org/concat-map/download/concat-map-0.0.1.tgz",
      "integrity": "sha1-2Klr13/Wjfd5OnMDajug1UBdR3s="
    },
    "content-disposition": {
      "version": "0.5.2",
      "resolved": "http://registry.npm.taobao.org/content-disposition/download/content-disposition-0.5.2.tgz",
      "integrity": "sha1-DPaLud318r55YcOoUXjLhdunjLQ="
    },
    "content-type": {
      "version": "1.0.4",
      "resolved": "http://registry.npm.taobao.org/content-type/download/content-type-1.0.4.tgz",
      "integrity": "sha1-4TjMdeBAxyexlm/l5fjJruJW/js="
    },
    "cookie": {
      "version": "0.3.1",
      "resolved": "http://registry.npm.taobao.org/cookie/download/cookie-0.3.1.tgz",
      "integrity": "sha1-5+Ch+e9DtMi6klxcWpboBtFoc7s="
    },
    "cookie-signature": {
      "version": "1.0.6",
      "resolved": "http://registry.npm.taobao.org/cookie-signature/download/cookie-signature-1.0.6.tgz",
      "integrity": "sha1-4wOogrNCzD7oylE6eZmXNNqzriw="
    },
    "debug": {
      "version": "2.6.9",
      "resolved": "http://registry.npm.taobao.org/debug/download/debug-2.6.9.tgz",
      "integrity": "sha1-XRKFFd8TT/Mn6QpMk/Tgd6U2NB8=",
      "requires": {
        "ms": "2.0.0"
      }
    },
    "deep-eql": {
      "version": "0.1.3",
      "resolved": "http://registry.npm.taobao.org/deep-eql/download/deep-eql-0.1.3.tgz",
      "integrity": "sha1-71WKyrjeJSBs1xOQbXTlaTDrafI=",
      "requires": {
        "type-detect": "0.1.1"
      },
      "dependencies": {
        "type-detect": {
          "version": "0.1.1",
          "resolved": "http://registry.npm.taobao.org/type-detect/download/type-detect-0.1.1.tgz",
          "integrity": "sha1-C6XsKohWQORw6k6FBZcZANrFiCI="
        }
      }
    },
    "deep-is": {
      "version": "0.1.3",
      "resolved": "http://registry.npm.taobao.org/deep-is/download/deep-is-0.1.3.tgz",
      "integrity": "sha1-s2nW+128E+7PUk+RsHD+7cNXzzQ="
    },
    "depd": {
      "version": "1.1.2",
      "resolved": "http://registry.npm.taobao.org/depd/download/depd-1.1.2.tgz",
      "integrity": "sha1-m81S4UwJd2PnSbJ0xDRu0uVgtak="
    },
    "deresolve": {
      "version": "1.1.2",
      "resolved": "http://registry.npm.taobao.org/deresolve/download/deresolve-1.1.2.tgz",
      "integrity": "sha1-nPI3nI0tYx3EuZVylLkOSnLLbOA=",
      "requires": {
        "lasso-package-root": "^1.0.0",
        "raptor-polyfill": "^1.0.2",
        "resolve-from": "^1.0.1"
      },
      "dependencies": {
        "resolve-from": {
          "version": "1.0.1",
          "resolved": "http://registry.npm.taobao.org/resolve-from/download/resolve-from-1.0.1.tgz",
          "integrity": "sha1-Jsv+k10a7uq7Kbw/5a6wHpPUQiY="
        }
      }
    },
    "destroy": {
      "version": "1.0.4",
      "resolved": "http://registry.npm.taobao.org/destroy/download/destroy-1.0.4.tgz",
      "integrity": "sha1-l4hXRCxEdJ5CBmE+N5RiBYJqvYA="
    },
    "ee-first": {
      "version": "1.1.1",
      "resolved": "http://registry.npm.taobao.org/ee-first/download/ee-first-1.1.1.tgz",
      "integrity": "sha1-WQxhFWsK4vTwJVcyoViyZrxWsh0="
    },
    "encodeurl": {
      "version": "1.0.2",
      "resolved": "http://registry.npm.taobao.org/encodeurl/download/encodeurl-1.0.2.tgz",
      "integrity": "sha1-rT/0yG7C0CkyL1oCw6mmBslbP1k="
    },
    "error-stack-parser": {
      "version": "2.0.2",
      "resolved": "http://registry.npm.taobao.org/error-stack-parser/download/error-stack-parser-2.0.2.tgz",
      "integrity": "sha1-Sujbqiv5CotFBwe5FJ3KvKE1Ug0=",
      "requires": {
        "stackframe": "^1.0.4"
      }
    },
    "escape-html": {
      "version": "1.0.3",
      "resolved": "http://registry.npm.taobao.org/escape-html/download/escape-html-1.0.3.tgz",
      "integrity": "sha1-Aljq5NPQwJdN4cFpGI7wBR0dGYg="
    },
    "escodegen": {
      "version": "1.11.1",
      "resolved": "http://registry.npm.taobao.org/escodegen/download/escodegen-1.11.1.tgz",
      "integrity": "sha1-xIX/jWtM24nif0qFbpHxGEAcpRA=",
      "requires": {
        "esprima": "^3.1.3",
        "estraverse": "^4.2.0",
        "esutils": "^2.0.2",
        "optionator": "^0.8.1",
        "source-map": "~0.6.1"
      },
      "dependencies": {
        "esprima": {
          "version": "3.1.3",
          "resolved": "http://registry.npm.taobao.org/esprima/download/esprima-3.1.3.tgz",
          "integrity": "sha1-/cpRzuYTOJXjyI1TXOSdv/YqRjM="
        }
      }
    },
    "esprima": {
      "version": "4.0.1",
      "resolved": "http://registry.npm.taobao.org/esprima/download/esprima-4.0.1.tgz",
      "integrity": "sha1-E7BM2z5sXRnfkatph6hpVhmwqnE="
    },
    "estraverse": {
      "version": "4.2.0",
      "resolved": "http://registry.npm.taobao.org/estraverse/download/estraverse-4.2.0.tgz",
      "integrity": "sha1-De4/7TH81GlhjOc0IJn8GvoL2xM="
    },
    "esutils": {
      "version": "2.0.2",
      "resolved": "http://registry.npm.taobao.org/esutils/download/esutils-2.0.2.tgz",
      "integrity": "sha1-Cr9PHKpbyx96nYrMbepPqqBLrJs="
    },
    "etag": {
      "version": "1.8.1",
      "resolved": "http://registry.npm.taobao.org/etag/download/etag-1.8.1.tgz",
      "integrity": "sha1-Qa4u62XvpiJorr/qg6x9eSmbCIc="
    },
    "events": {
      "version": "1.1.1",
      "resolved": "http://registry.npm.taobao.org/events/download/events-1.1.1.tgz",
      "integrity": "sha1-nr23Y1rQmccNzEwqH1AEKI6L2SQ="
    },
    "events-light": {
      "version": "1.0.5",
      "resolved": "http://registry.npm.taobao.org/events-light/download/events-light-1.0.5.tgz",
      "integrity": "sha1-lk5jRQugr0prAiqpVbF//vZXte4=",
      "requires": {
        "chai": "^3.5.0"
      }
    },
    "express": {
      "version": "4.16.4",
      "resolved": "http://registry.npm.taobao.org/express/download/express-4.16.4.tgz",
      "integrity": "sha1-/d72GSYQniTFFeqX/S8b2/Yt8S4=",
      "requires": {
        "accepts": "~1.3.5",
        "array-flatten": "1.1.1",
        "body-parser": "1.18.3",
        "content-disposition": "0.5.2",
        "content-type": "~1.0.4",
        "cookie": "0.3.1",
        "cookie-signature": "1.0.6",
        "debug": "2.6.9",
        "depd": "~1.1.2",
        "encodeurl": "~1.0.2",
        "escape-html": "~1.0.3",
        "etag": "~1.8.1",
        "finalhandler": "1.1.1",
        "fresh": "0.5.2",
        "merge-descriptors": "1.0.1",
        "methods": "~1.1.2",
        "on-finished": "~2.3.0",
        "parseurl": "~1.3.2",
        "path-to-regexp": "0.1.7",
        "proxy-addr": "~2.0.4",
        "qs": "6.5.2",
        "range-parser": "~1.2.0",
        "safe-buffer": "5.1.2",
        "send": "0.16.2",
        "serve-static": "1.13.2",
        "setprototypeof": "1.1.0",
        "statuses": "~1.4.0",
        "type-is": "~1.6.16",
        "utils-merge": "1.0.1",
        "vary": "~1.1.2"
      }
    },
    "fast-levenshtein": {
      "version": "2.0.6",
      "resolved": "http://registry.npm.taobao.org/fast-levenshtein/download/fast-levenshtein-2.0.6.tgz",
      "integrity": "sha1-PYpcZog6FqMMqGQ+hR8Zuqd5eRc="
    },
    "finalhandler": {
      "version": "1.1.1",
      "resolved": "http://registry.npm.taobao.org/finalhandler/download/finalhandler-1.1.1.tgz",
      "integrity": "sha1-7r9O2EAHnIP0JJA4ydcDAIMBsQU=",
      "requires": {
        "debug": "2.6.9",
        "encodeurl": "~1.0.2",
        "escape-html": "~1.0.3",
        "on-finished": "~2.3.0",
        "parseurl": "~1.3.2",
        "statuses": "~1.4.0",
        "unpipe": "~1.0.0"
      }
    },
    "forwarded": {
      "version": "0.1.2",
      "resolved": "http://registry.npm.taobao.org/forwarded/download/forwarded-0.1.2.tgz",
      "integrity": "sha1-mMI9qxF1ZXuMBXPozszZGw/xjIQ="
    },
    "fresh": {
      "version": "0.5.2",
      "resolved": "http://registry.npm.taobao.org/fresh/download/fresh-0.5.2.tgz",
      "integrity": "sha1-PYyt2Q2XZWn6g1qx+OSyOhBWBac="
    },
    "he": {
      "version": "1.2.0",
      "resolved": "http://registry.npm.taobao.org/he/download/he-1.2.0.tgz",
      "integrity": "sha1-hK5l+n6vsWX922FWauFLrwVmTw8="
    },
    "htmljs-parser": {
      "version": "2.6.6",
      "resolved": "http://registry.npm.taobao.org/htmljs-parser/download/htmljs-parser-2.6.6.tgz",
      "integrity": "sha1-4xITRlJKzap1dM2M4WfJDaiYXZQ=",
      "requires": {
        "char-props": "^0.1.5",
        "complain": "^1.0.0"
      }
    },
    "http-errors": {
      "version": "1.6.3",
      "resolved": "http://registry.npm.taobao.org/http-errors/download/http-errors-1.6.3.tgz",
      "integrity": "sha1-i1VoC7S+KDoLW/TqLjhYC+HZMg0=",
      "requires": {
        "depd": "~1.1.2",
        "inherits": "2.0.3",
        "setprototypeof": "1.1.0",
        "statuses": ">= 1.4.0 < 2"
      }
    },
    "iconv-lite": {
      "version": "0.4.23",
      "resolved": "http://registry.npm.taobao.org/iconv-lite/download/iconv-lite-0.4.23.tgz",
      "integrity": "sha1-KXhx9jvlB63Pv8pxXQzQ7thOmmM=",
      "requires": {
        "safer-buffer": ">= 2.1.2 < 3"
      }
    },
    "inherits": {
      "version": "2.0.3",
      "resolved": "http://registry.npm.taobao.org/inherits/download/inherits-2.0.3.tgz",
      "integrity": "sha1-Yzwsg+PaQqUC9SRmAiSA9CCCYd4="
    },
    "ipaddr.js": {
      "version": "1.8.0",
      "resolved": "http://registry.npm.taobao.org/ipaddr.js/download/ipaddr.js-1.8.0.tgz",
      "integrity": "sha1-6qM9bd16zo9/b+DJygRA5wZzix4="
    },
    "lasso-caching-fs": {
      "version": "1.0.2",
      "resolved": "http://registry.npm.taobao.org/lasso-caching-fs/download/lasso-caching-fs-1.0.2.tgz",
      "integrity": "sha1-m+TrHwaqwSYDRMrq70LC8AhusQ0=",
      "requires": {
        "raptor-async": "^1.1.2"
      }
    },
    "lasso-modules-client": {
      "version": "2.0.5",
      "resolved": "http://registry.npm.taobao.org/lasso-modules-client/download/lasso-modules-client-2.0.5.tgz",
      "integrity": "sha1-2aBnJKkAl3Y2lxZn7pwXDS/E3Sg=",
      "requires": {
        "lasso-package-root": "^1.0.0",
        "raptor-polyfill": "^1.0.2"
      }
    },
    "lasso-package-root": {
      "version": "1.0.1",
      "resolved": "http://registry.npm.taobao.org/lasso-package-root/download/lasso-package-root-1.0.1.tgz",
      "integrity": "sha1-mX0OcfQdA8Xw+gmlvCmNeW+LLCM=",
      "requires": {
        "lasso-caching-fs": "^1.0.0"
      }
    },
    "levn": {
      "version": "0.3.0",
      "resolved": "http://registry.npm.taobao.org/levn/download/levn-0.3.0.tgz",
      "integrity": "sha1-OwmSTt+fCDwEkP3UwLxEIeBHZO4=",
      "requires": {
        "prelude-ls": "~1.1.2",
        "type-check": "~0.3.2"
      }
    },
    "listener-tracker": {
      "version": "2.0.0",
      "resolved": "http://registry.npm.taobao.org/listener-tracker/download/listener-tracker-2.0.0.tgz",
      "integrity": "sha1-OWCLQ1wJAfpVECF8FFJyjWvBm18="
    },
    "marko": {
      "version": "4.15.6",
      "resolved": "http://registry.npm.taobao.org/marko/download/marko-4.15.6.tgz",
      "integrity": "sha1-WA5Hsk6PUOnss9r6aZMBwQ2H+og=",
      "requires": {
        "app-module-path": "^2.2.0",
        "argly": "^1.0.0",
        "browser-refresh-client": "^1.0.0",
        "camelcase": "^5.0.0",
        "char-props": "~0.1.5",
        "complain": "^1.3.0",
        "deresolve": "^1.1.2",
        "escodegen": "^1.8.1",
        "esprima": "^4.0.0",
        "estraverse": "^4.2.0",
        "events": "^1.0.2",
        "events-light": "^1.0.0",
        "he": "^1.1.0",
        "htmljs-parser": "^2.6.5",
        "lasso-caching-fs": "^1.0.1",
        "lasso-modules-client": "^2.0.4",
        "lasso-package-root": "^1.0.1",
        "listener-tracker": "^2.0.0",
        "minimatch": "^3.0.2",
        "object-assign": "^4.1.0",
        "property-handlers": "^1.0.0",
        "raptor-json": "^1.0.1",
        "raptor-polyfill": "^1.0.0",
        "raptor-promises": "^1.0.1",
        "raptor-regexp": "^1.0.0",
        "raptor-util": "^3.2.0",
        "resolve-from": "^2.0.0",
        "shorthash": "0.0.2",
        "simple-sha1": "^2.1.0",
        "strip-json-comments": "^2.0.1",
        "try-require": "^1.2.1",
        "warp10": "^2.0.1"
      }
    },
    "media-typer": {
      "version": "0.3.0",
      "resolved": "http://registry.npm.taobao.org/media-typer/download/media-typer-0.3.0.tgz",
      "integrity": "sha1-hxDXrwqmJvj/+hzgAWhUUmMlV0g="
    },
    "merge-descriptors": {
      "version": "1.0.1",
      "resolved": "http://registry.npm.taobao.org/merge-descriptors/download/merge-descriptors-1.0.1.tgz",
      "integrity": "sha1-sAqqVW3YtEVoFQ7J0blT8/kMu2E="
    },
    "methods": {
      "version": "1.1.2",
      "resolved": "http://registry.npm.taobao.org/methods/download/methods-1.1.2.tgz",
      "integrity": "sha1-VSmk1nZUE07cxSZmVoNbD4Ua/O4="
    },
    "mime": {
      "version": "1.4.1",
      "resolved": "http://registry.npm.taobao.org/mime/download/mime-1.4.1.tgz",
      "integrity": "sha1-Eh+evEnjdm8xGnbh+hyAA8SwOqY="
    },
    "mime-db": {
      "version": "1.38.0",
      "resolved": "http://registry.npm.taobao.org/mime-db/download/mime-db-1.38.0.tgz",
      "integrity": "sha1-GiqrFtqesWe0nG5N8tnGjWPY4q0="
    },
    "mime-types": {
      "version": "2.1.22",
      "resolved": "http://registry.npm.taobao.org/mime-types/download/mime-types-2.1.22.tgz",
      "integrity": "sha1-/ms1WhkJJqt2mMmgVWoRGZshmb0=",
      "requires": {
        "mime-db": "~1.38.0"
      }
    },
    "minimatch": {
      "version": "3.0.4",
      "resolved": "http://registry.npm.taobao.org/minimatch/download/minimatch-3.0.4.tgz",
      "integrity": "sha1-UWbihkV/AzBgZL5Ul+jbsMPTIIM=",
      "requires": {
        "brace-expansion": "^1.1.7"
      }
    },
    "ms": {
      "version": "2.0.0",
      "resolved": "http://registry.npm.taobao.org/ms/download/ms-2.0.0.tgz",
      "integrity": "sha1-VgiurfwAvmwpAd9fmGF4jeDVl8g="
    },
    "negotiator": {
      "version": "0.6.1",
      "resolved": "http://registry.npm.taobao.org/negotiator/download/negotiator-0.6.1.tgz",
      "integrity": "sha1-KzJxhOiZIQEXeyhWP7XnECrNDKk="
    },
    "object-assign": {
      "version": "4.1.1",
      "resolved": "http://registry.npm.taobao.org/object-assign/download/object-assign-4.1.1.tgz",
      "integrity": "sha1-IQmtx5ZYh8/AXLvUQsrIv7s2CGM="
    },
    "on-finished": {
      "version": "2.3.0",
      "resolved": "http://registry.npm.taobao.org/on-finished/download/on-finished-2.3.0.tgz",
      "integrity": "sha1-IPEzZIGwg811M3mSoWlxqi2QaUc=",
      "requires": {
        "ee-first": "1.1.1"
      }
    },
    "optionator": {
      "version": "0.8.2",
      "resolved": "http://registry.npm.taobao.org/optionator/download/optionator-0.8.2.tgz",
      "integrity": "sha1-NkxeQJ0/TWMB1sC0wFu6UBgK62Q=",
      "requires": {
        "deep-is": "~0.1.3",
        "fast-levenshtein": "~2.0.4",
        "levn": "~0.3.0",
        "prelude-ls": "~1.1.2",
        "type-check": "~0.3.2",
        "wordwrap": "~1.0.0"
      }
    },
    "parseurl": {
      "version": "1.3.2",
      "resolved": "http://registry.npm.taobao.org/parseurl/download/parseurl-1.3.2.tgz",
      "integrity": "sha1-/CidTtiZMRlGDBViUyYs3I3mW/M="
    },
    "path-to-regexp": {
      "version": "0.1.7",
      "resolved": "http://registry.npm.taobao.org/path-to-regexp/download/path-to-regexp-0.1.7.tgz",
      "integrity": "sha1-32BBeABfUi8V60SQ5yR6G/qmf4w="
    },
    "prelude-ls": {
      "version": "1.1.2",
      "resolved": "http://registry.npm.taobao.org/prelude-ls/download/prelude-ls-1.1.2.tgz",
      "integrity": "sha1-IZMqVJ9eUv/ZqCf1cOBL5iqX2lQ="
    },
    "property-handlers": {
      "version": "1.1.1",
      "resolved": "http://registry.npm.taobao.org/property-handlers/download/property-handlers-1.1.1.tgz",
      "integrity": "sha1-yyDTIqq32U//rCj0bJGGvVlHtLQ="
    },
    "proxy-addr": {
      "version": "2.0.4",
      "resolved": "http://registry.npm.taobao.org/proxy-addr/download/proxy-addr-2.0.4.tgz",
      "integrity": "sha1-7PxzO/Iv+Mb0B/onUye5q2fki5M=",
      "requires": {
        "forwarded": "~0.1.2",
        "ipaddr.js": "1.8.0"
      }
    },
    "q": {
      "version": "1.5.1",
      "resolved": "http://registry.npm.taobao.org/q/download/q-1.5.1.tgz",
      "integrity": "sha1-fjL3W0E4EpHQRhHxvxQQmsAGUdc="
    },
    "qs": {
      "version": "6.5.2",
      "resolved": "http://registry.npm.taobao.org/qs/download/qs-6.5.2.tgz",
      "integrity": "sha1-yzroBuh0BERYTvFUzo7pjUA/PjY="
    },
    "range-parser": {
      "version": "1.2.0",
      "resolved": "http://registry.npm.taobao.org/range-parser/download/range-parser-1.2.0.tgz",
      "integrity": "sha1-9JvmtIeJTdxA3MlKMi9hEJLgDV4="
    },
    "raptor-async": {
      "version": "1.1.3",
      "resolved": "http://registry.npm.taobao.org/raptor-async/download/raptor-async-1.1.3.tgz",
      "integrity": "sha1-uDw8m2A9yYXCw6n3jStAc+b2Akw="
    },
    "raptor-json": {
      "version": "1.1.0",
      "resolved": "http://registry.npm.taobao.org/raptor-json/download/raptor-json-1.1.0.tgz",
      "integrity": "sha1-cL0JsU5k99MuxQzOg3fWApwPCHY=",
      "requires": {
        "raptor-strings": "^1.0.0"
      }
    },
    "raptor-polyfill": {
      "version": "1.1.0",
      "resolved": "http://registry.npm.taobao.org/raptor-polyfill/download/raptor-polyfill-1.1.0.tgz",
      "integrity": "sha1-jS3hKYxZ7oBHULb/nGh95i7yHmo="
    },
    "raptor-promises": {
      "version": "1.0.3",
      "resolved": "http://registry.npm.taobao.org/raptor-promises/download/raptor-promises-1.0.3.tgz",
      "integrity": "sha1-1XaxEOBCNlT3/fFyHijULk3DwOs=",
      "requires": {
        "q": "^1.0.1",
        "raptor-util": "^1.0.0"
      },
      "dependencies": {
        "raptor-util": {
          "version": "1.1.2",
          "resolved": "http://registry.npm.taobao.org/raptor-util/download/raptor-util-1.1.2.tgz",
          "integrity": "sha1-8u6AdqmuPq4uZWcuRqIgB0+i3/M="
        }
      }
    },
    "raptor-regexp": {
      "version": "1.0.1",
      "resolved": "http://registry.npm.taobao.org/raptor-regexp/download/raptor-regexp-1.0.1.tgz",
      "integrity": "sha1-7PD2bGZxwM2fXkjDcFAmxVCZlcA="
    },
    "raptor-strings": {
      "version": "1.0.2",
      "resolved": "http://registry.npm.taobao.org/raptor-strings/download/raptor-strings-1.0.2.tgz",
      "integrity": "sha1-ks4ssBU6/pBHDYA5oCVbTPM6tfw=",
      "requires": {
        "raptor-polyfill": "^1.0.1"
      }
    },
    "raptor-util": {
      "version": "3.2.0",
      "resolved": "http://registry.npm.taobao.org/raptor-util/download/raptor-util-3.2.0.tgz",
      "integrity": "sha1-I7DIA8jxrIocrmfZpjiLSRYcl1g="
    },
    "raw-body": {
      "version": "2.3.3",
      "resolved": "http://registry.npm.taobao.org/raw-body/download/raw-body-2.3.3.tgz",
      "integrity": "sha1-GzJOzmtXBuFThVvBFIxlu39uoMM=",
      "requires": {
        "bytes": "3.0.0",
        "http-errors": "1.6.3",
        "iconv-lite": "0.4.23",
        "unpipe": "1.0.0"
      }
    },
    "resolve-from": {
      "version": "2.0.0",
      "resolved": "http://registry.npm.taobao.org/resolve-from/download/resolve-from-2.0.0.tgz",
      "integrity": "sha1-lICrIOlP+h2egKgEx+oUdhGWa1c="
    },
    "rusha": {
      "version": "0.8.13",
      "resolved": "http://registry.npm.taobao.org/rusha/download/rusha-0.8.13.tgz",
      "integrity": "sha1-mghOe4YLF7/zAVuSxnpqM2GRUTo="
    },
    "safe-buffer": {
      "version": "5.1.2",
      "resolved": "http://registry.npm.taobao.org/safe-buffer/download/safe-buffer-5.1.2.tgz",
      "integrity": "sha1-mR7GnSluAxN0fVm9/St0XDX4go0="
    },
    "safer-buffer": {
      "version": "2.1.2",
      "resolved": "http://registry.npm.taobao.org/safer-buffer/download/safer-buffer-2.1.2.tgz",
      "integrity": "sha1-RPoWGwGHuVSd2Eu5GAL5vYOFzWo="
    },
    "send": {
      "version": "0.16.2",
      "resolved": "http://registry.npm.taobao.org/send/download/send-0.16.2.tgz",
      "integrity": "sha1-bsyh4PjBVtFBWXVZhI32RzCmu8E=",
      "requires": {
        "debug": "2.6.9",
        "depd": "~1.1.2",
        "destroy": "~1.0.4",
        "encodeurl": "~1.0.2",
        "escape-html": "~1.0.3",
        "etag": "~1.8.1",
        "fresh": "0.5.2",
        "http-errors": "~1.6.2",
        "mime": "1.4.1",
        "ms": "2.0.0",
        "on-finished": "~2.3.0",
        "range-parser": "~1.2.0",
        "statuses": "~1.4.0"
      }
    },
    "serve-static": {
      "version": "1.13.2",
      "resolved": "http://registry.npm.taobao.org/serve-static/download/serve-static-1.13.2.tgz",
      "integrity": "sha1-CV6Ecv1bRiN9tQzkhqQ/S4bGzsE=",
      "requires": {
        "encodeurl": "~1.0.2",
        "escape-html": "~1.0.3",
        "parseurl": "~1.3.2",
        "send": "0.16.2"
      }
    },
    "setprototypeof": {
      "version": "1.1.0",
      "resolved": "http://registry.npm.taobao.org/setprototypeof/download/setprototypeof-1.1.0.tgz",
      "integrity": "sha1-0L2FU2iHtv58DYGMuWLZ2RxU5lY="
    },
    "shorthash": {
      "version": "0.0.2",
      "resolved": "http://registry.npm.taobao.org/shorthash/download/shorthash-0.0.2.tgz",
      "integrity": "sha1-WbJo7sveWQOLMNogK8+93rLEpOs="
    },
    "simple-sha1": {
      "version": "2.1.2",
      "resolved": "http://registry.npm.taobao.org/simple-sha1/download/simple-sha1-2.1.2.tgz",
      "integrity": "sha1-3kDL1arieP3o47syUKNddMZzJrE=",
      "requires": {
        "rusha": "^0.8.1"
      }
    },
    "source-map": {
      "version": "0.6.1",
      "resolved": "http://registry.npm.taobao.org/source-map/download/source-map-0.6.1.tgz",
      "integrity": "sha1-dHIq8y6WFOnCh6jQu95IteLxomM=",
      "optional": true
    },
    "stackframe": {
      "version": "1.0.4",
      "resolved": "http://registry.npm.taobao.org/stackframe/download/stackframe-1.0.4.tgz",
      "integrity": "sha1-NXskqZL5Qny6a1RdlqFO0svKGHs="
    },
    "statuses": {
      "version": "1.4.0",
      "resolved": "http://registry.npm.taobao.org/statuses/download/statuses-1.4.0.tgz",
      "integrity": "sha1-u3PURtonlhBu/MG2AaJT1sRr0Ic="
    },
    "strip-json-comments": {
      "version": "2.0.1",
      "resolved": "http://registry.npm.taobao.org/strip-json-comments/download/strip-json-comments-2.0.1.tgz",
      "integrity": "sha1-PFMZQukIwml8DsNEhYwobHygpgo="
    },
    "try-require": {
      "version": "1.2.1",
      "resolved": "http://registry.npm.taobao.org/try-require/download/try-require-1.2.1.tgz",
      "integrity": "sha1-NEiaLKwMCcHMEO2RugEVlNQzO+I="
    },
    "type-check": {
      "version": "0.3.2",
      "resolved": "http://registry.npm.taobao.org/type-check/download/type-check-0.3.2.tgz",
      "integrity": "sha1-WITKtRLPHTVeP7eE8wgEsrUg23I=",
      "requires": {
        "prelude-ls": "~1.1.2"
      }
    },
    "type-detect": {
      "version": "1.0.0",
      "resolved": "http://registry.npm.taobao.org/type-detect/download/type-detect-1.0.0.tgz",
      "integrity": "sha1-diIXzAbbJY7EiQihKY6LlRIejqI="
    },
    "type-is": {
      "version": "1.6.16",
      "resolved": "http://registry.npm.taobao.org/type-is/download/type-is-1.6.16.tgz",
      "integrity": "sha1-+JzjQVQcZysl7nrjxz3uOyvlAZQ=",
      "requires": {
        "media-typer": "0.3.0",
        "mime-types": "~2.1.18"
      }
    },
    "unpipe": {
      "version": "1.0.0",
      "resolved": "http://registry.npm.taobao.org/unpipe/download/unpipe-1.0.0.tgz",
      "integrity": "sha1-sr9O6FFKrmFltIF4KdIbLvSZBOw="
    },
    "utils-merge": {
      "version": "1.0.1",
      "resolved": "http://registry.npm.taobao.org/utils-merge/download/utils-merge-1.0.1.tgz",
      "integrity": "sha1-n5VxD1CiZ5R7LMwSR0HBAoQn5xM="
    },
    "vary": {
      "version": "1.1.2",
      "resolved": "http://registry.npm.taobao.org/vary/download/vary-1.1.2.tgz",
      "integrity": "sha1-IpnwLG3tMNSllhsLn3RSShj2NPw="
    },
    "warp10": {
      "version": "2.0.1",
      "resolved": "http://registry.npm.taobao.org/warp10/download/warp10-2.0.1.tgz",
      "integrity": "sha1-ohk21T8VKmADzkm66FyHWMVMPSw="
    },
    "wordwrap": {
      "version": "1.0.0",
      "resolved": "http://registry.npm.taobao.org/wordwrap/download/wordwrap-1.0.0.tgz",
      "integrity": "sha1-J1hIEIkUVqQXHI0CJkQa3pDLyus="
    }
  }
}
